{
  "name": "shahriarta.github.io",
  "lockfileVersion": 3,
  "requires": true,
  "packages": {
    "": {
      "dependencies": {
        "sass-migrator": "^2.3.2"
      }
    },
    "node_modules/sass-migrator": {
      "version": "2.3.2",
      "resolved": "https://registry.npmjs.org/sass-migrator/-/sass-migrator-2.3.2.tgz",
      "integrity": "sha512-BhaDZWmMxxvBUTDERh9RGtxPwC/rxwJ8wNqz9xJ+RigCn2Op+xiSiOPbblhjzXR+TtyZT689wHjCpjtBiEnbEw==",
      "license": "MIT",
      "bin": {
        "sass-migrator": "sass-migrator.js"
      },
      "engines": {
        "node": ">=10.12.0"
      }
    }
  }
}
